
Microsoft Visual Studio Solution File, Format Version 12.00
# Visual Studio Version 17
VisualStudioVersion = 17.10.34916.146
MinimumVisualStudioVersion = 10.0.40219.1
Project("{9A19103F-16F7-4668-BE54-9A1E7A4F7556}") = "SchedulingClients", "src\SchedulingClients.csproj", "{63308ACC-B7B2-4472-8E17-7D960A9A72CB}"
EndProject
Project("{2150E333-8FDC-42A3-9474-1A3956D46DE8}") = "Tests", "Tests", "{83DD0B7B-36FA-4A59-9266-A12E18B6B573}"
EndProject
Project("{9A19103F-16F7-4668-BE54-9A1E7A4F7556}") = "SchedulingClients.JobState.DevConsoleApp", "tests\SchedulingClients.JobState.DevConsoleApp\SchedulingClients.JobState.DevConsoleApp.csproj", "{ED7D7380-19B6-4692-A031-F72FA7C37610}"
EndProject
Project("{9A19103F-16F7-4668-BE54-9A1E7A4F7556}") = "SchedulingClients.TaskState.DevConsoleApp", "tests\SchedulingClients.TaskState.DevConsoleApp\SchedulingClients.TaskState.DevConsoleApp.csproj", "{705D435E-49C9-4E50-A4E5-B9479FD93D91}"
EndProject
Project("{2150E333-8FDC-42A3-9474-1A3956D46DE8}") = "Solution Items", "Solution Items", "{22854B52-2331-4506-9039-C099E3BDA727}"
	ProjectSection(SolutionItems) = preProject
		.editorconfig = .editorconfig
		.gitignore = .gitignore
		Directory.Build.props = Directory.Build.props
		LICENCE = LICENCE
	EndProjectSection
EndProject
Global
	GlobalSection(SolutionConfigurationPlatforms) = preSolution
		Debug|x64 = Debug|x64
		Release|x64 = Release|x64
	EndGlobalSection
	GlobalSection(ProjectConfigurationPlatforms) = postSolution
		{63308ACC-B7B2-4472-8E17-7D960A9A72CB}.Debug|x64.ActiveCfg = Debug|x64
		{63308ACC-B7B2-4472-8E17-7D960A9A72CB}.Debug|x64.Build.0 = Debug|x64
		{63308ACC-B7B2-4472-8E17-7D960A9A72CB}.Release|x64.ActiveCfg = Release|x64
		{63308ACC-B7B2-4472-8E17-7D960A9A72CB}.Release|x64.Build.0 = Release|x64
		{ED7D7380-19B6-4692-A031-F72FA7C37610}.Debug|x64.ActiveCfg = Debug|x64
		{ED7D7380-19B6-4692-A031-F72FA7C37610}.Debug|x64.Build.0 = Debug|x64
		{ED7D7380-19B6-4692-A031-F72FA7C37610}.Release|x64.ActiveCfg = Release|x64
		{ED7D7380-19B6-4692-A031-F72FA7C37610}.Release|x64.Build.0 = Release|x64
		{705D435E-49C9-4E50-A4E5-B9479FD93D91}.Debug|x64.ActiveCfg = Debug|x64
		{705D435E-49C9-4E50-A4E5-B9479FD93D91}.Debug|x64.Build.0 = Debug|x64
		{705D435E-49C9-4E50-A4E5-B9479FD93D91}.Release|x64.ActiveCfg = Release|x64
		{705D435E-49C9-4E50-A4E5-B9479FD93D91}.Release|x64.Build.0 = Release|x64
	EndGlobalSection
	GlobalSection(SolutionProperties) = preSolution
		HideSolutionNode = FALSE
	EndGlobalSection
	GlobalSection(NestedProjects) = preSolution
		{ED7D7380-19B6-4692-A031-F72FA7C37610} = {83DD0B7B-36FA-4A59-9266-A12E18B6B573}
		{705D435E-49C9-4E50-A4E5-B9479FD93D91} = {83DD0B7B-36FA-4A59-9266-A12E18B6B573}
	EndGlobalSection
	GlobalSection(ExtensibilityGlobals) = postSolution
		SolutionGuid = {62094A8E-D365-4464-A044-65225E0F289E}
	EndGlobalSection
EndGlobal
